
Microsoft Visual Studio Solution File, Format Version 12.00
# Visual Studio Version 17
VisualStudioVersion = 17.0.31903.59
MinimumVisualStudioVersion = 10.0.40219.1
Project("{FAE04EC0-301F-11D3-BF4B-00C04F79EFBC}") = "Favies", "Favies.csproj", "{E99B9E45-D986-4AC2-B84B-4AF3C92F2493}"
EndProject
Project("{FAE04EC0-301F-11D3-BF4B-00C04F79EFBC}") = "FaviesTest", "..\FaviesTest\FaviesTest.csproj", "{E9E6E37F-2A2C-417E-AE13-44C8B6991972}"
EndProject
Global
	GlobalSection(SolutionConfigurationPlatforms) = preSolution
		Debug|Any CPU = Debug|Any CPU
		Debug|x64 = Debug|x64
		Debug|x86 = Debug|x86
		Release|Any CPU = Release|Any CPU
		Release|x64 = Release|x64
		Release|x86 = Release|x86
	EndGlobalSection
	GlobalSection(ProjectConfigurationPlatforms) = postSolution
		{E99B9E45-D986-4AC2-B84B-4AF3C92F2493}.Debug|Any CPU.ActiveCfg = Debug|Any CPU
		{E99B9E45-D986-4AC2-B84B-4AF3C92F2493}.Debug|Any CPU.Build.0 = Debug|Any CPU
		{E99B9E45-D986-4AC2-B84B-4AF3C92F2493}.Debug|x64.ActiveCfg = Debug|Any CPU
		{E99B9E45-D986-4AC2-B84B-4AF3C92F2493}.Debug|x64.Build.0 = Debug|Any CPU
		{E99B9E45-D986-4AC2-B84B-4AF3C92F2493}.Debug|x86.ActiveCfg = Debug|Any CPU
		{E99B9E45-D986-4AC2-B84B-4AF3C92F2493}.Debug|x86.Build.0 = Debug|Any CPU
		{E99B9E45-D986-4AC2-B84B-4AF3C92F2493}.Release|Any CPU.ActiveCfg = Release|Any CPU
		{E99B9E45-D986-4AC2-B84B-4AF3C92F2493}.Release|Any CPU.Build.0 = Release|Any CPU
		{E99B9E45-D986-4AC2-B84B-4AF3C92F2493}.Release|x64.ActiveCfg = Release|Any CPU
		{E99B9E45-D986-4AC2-B84B-4AF3C92F2493}.Release|x64.Build.0 = Release|Any CPU
		{E99B9E45-D986-4AC2-B84B-4AF3C92F2493}.Release|x86.ActiveCfg = Release|Any CPU
		{E99B9E45-D986-4AC2-B84B-4AF3C92F2493}.Release|x86.Build.0 = Release|Any CPU
		{E9E6E37F-2A2C-417E-AE13-44C8B6991972}.Debug|Any CPU.ActiveCfg = Debug|Any CPU
		{E9E6E37F-2A2C-417E-AE13-44C8B6991972}.Debug|Any CPU.Build.0 = Debug|Any CPU
		{E9E6E37F-2A2C-417E-AE13-44C8B6991972}.Debug|x64.ActiveCfg = Debug|Any CPU
		{E9E6E37F-2A2C-417E-AE13-44C8B6991972}.Debug|x64.Build.0 = Debug|Any CPU
		{E9E6E37F-2A2C-417E-AE13-44C8B6991972}.Debug|x86.ActiveCfg = Debug|Any CPU
		{E9E6E37F-2A2C-417E-AE13-44C8B6991972}.Debug|x86.Build.0 = Debug|Any CPU
		{E9E6E37F-2A2C-417E-AE13-44C8B6991972}.Release|Any CPU.ActiveCfg = Release|Any CPU
		{E9E6E37F-2A2C-417E-AE13-44C8B6991972}.Release|Any CPU.Build.0 = Release|Any CPU
		{E9E6E37F-2A2C-417E-AE13-44C8B6991972}.Release|x64.ActiveCfg = Release|Any CPU
		{E9E6E37F-2A2C-417E-AE13-44C8B6991972}.Release|x64.Build.0 = Release|Any CPU
		{E9E6E37F-2A2C-417E-AE13-44C8B6991972}.Release|x86.ActiveCfg = Release|Any CPU
		{E9E6E37F-2A2C-417E-AE13-44C8B6991972}.Release|x86.Build.0 = Release|Any CPU
	EndGlobalSection
	GlobalSection(SolutionProperties) = preSolution
		HideSolutionNode = FALSE
	EndGlobalSection
EndGlobal
